// !$*UTF8*$!
{
	archiveVersion = 1;
	classes = {
	};
	objectVersion = 55;
	objects = {

/* Begin PBXBuildFile section */
		86A25A1D288880A300C40DA6 /* DetailViewController.swift in Sources */ = {isa = PBXBuildFile; fileRef = 86A25A1C288880A300C40DA6 /* DetailViewController.swift */; };
		86F110282888608A00F3A1DF /* AppDelegate.swift in Sources */ = {isa = PBXBuildFile; fileRef = 86F110272888608A00F3A1DF /* AppDelegate.swift */; };
		86F1102A2888608A00F3A1DF /* SceneDelegate.swift in Sources */ = {isa = PBXBuildFile; fileRef = 86F110292888608A00F3A1DF /* SceneDelegate.swift */; };
		86F1102C2888608A00F3A1DF /* ViewController.swift in Sources */ = {isa = PBXBuildFile; fileRef = 86F1102B2888608A00F3A1DF /* ViewController.swift */; };
		86F1102F2888608A00F3A1DF /* Main.storyboard in Resources */ = {isa = PBXBuildFile; fileRef = 86F1102D2888608A00F3A1DF /* Main.storyboard */; };
		86F110312888608B00F3A1DF /* Assets.xcassets in Resources */ = {isa = PBXBuildFile; fileRef = 86F110302888608B00F3A1DF /* Assets.xcassets */; };
		86F110342888608B00F3A1DF /* LaunchScreen.storyboard in Resources */ = {isa = PBXBuildFile; fileRef = 86F110322888608B00F3A1DF /* LaunchScreen.storyboard */; };
		86F110542888622E00F3A1DF /* spain@2x.png in Resources */ = {isa = PBXBuildFile; fileRef = 86F1103C2888622E00F3A1DF /* spain@2x.png */; };
		86F110552888622E00F3A1DF /* nigeria@2x.png in Resources */ = {isa = PBXBuildFile; fileRef = 86F1103D2888622E00F3A1DF /* nigeria@2x.png */; };
		86F110562888622E00F3A1DF /* nigeria@3x.png in Resources */ = {isa = PBXBuildFile; fileRef = 86F1103E2888622E00F3A1DF /* nigeria@3x.png */; };
		86F110572888622E00F3A1DF /* spain@3x.png in Resources */ = {isa = PBXBuildFile; fileRef = 86F1103F2888622E00F3A1DF /* spain@3x.png */; };
		86F110582888622E00F3A1DF /* italy@3x.png in Resources */ = {isa = PBXBuildFile; fileRef = 86F110402888622E00F3A1DF /* italy@3x.png */; };
		86F110592888622E00F3A1DF /* ireland@2x.png in Resources */ = {isa = PBXBuildFile; fileRef = 86F110412888622E00F3A1DF /* ireland@2x.png */; };
		86F1105A2888622E00F3A1DF /* germany@3x.png in Resources */ = {isa = PBXBuildFile; fileRef = 86F110422888622E00F3A1DF /* germany@3x.png */; };
		86F1105B2888622E00F3A1DF /* germany@2x.png in Resources */ = {isa = PBXBuildFile; fileRef = 86F110432888622E00F3A1DF /* germany@2x.png */; };
		86F1105C2888622E00F3A1DF /* ireland@3x.png in Resources */ = {isa = PBXBuildFile; fileRef = 86F110442888622E00F3A1DF /* ireland@3x.png */; };
		86F1105D2888622E00F3A1DF /* italy@2x.png in Resources */ = {isa = PBXBuildFile; fileRef = 86F110452888622E00F3A1DF /* italy@2x.png */; };
		86F1105E2888622E00F3A1DF /* poland@2x.png in Resources */ = {isa = PBXBuildFile; fileRef = 86F110462888622E00F3A1DF /* poland@2x.png */; };
		86F1105F2888622E00F3A1DF /* russia@2x.png in Resources */ = {isa = PBXBuildFile; fileRef = 86F110472888622E00F3A1DF /* russia@2x.png */; };
		86F110602888622E00F3A1DF /* estonia@2x.png in Resources */ = {isa = PBXBuildFile; fileRef = 86F110482888622E00F3A1DF /* estonia@2x.png */; };
		86F110612888622E00F3A1DF /* estonia@3x.png in Resources */ = {isa = PBXBuildFile; fileRef = 86F110492888622E00F3A1DF /* estonia@3x.png */; };
		86F110622888622E00F3A1DF /* russia@3x.png in Resources */ = {isa = PBXBuildFile; fileRef = 86F1104A2888622E00F3A1DF /* russia@3x.png */; };
		86F110632888622E00F3A1DF /* poland@3x.png in Resources */ = {isa = PBXBuildFile; fileRef = 86F1104B2888622E00F3A1DF /* poland@3x.png */; };
		86F110642888622E00F3A1DF /* uk@3x.png in Resources */ = {isa = PBXBuildFile; fileRef = 86F1104C2888622E00F3A1DF /* uk@3x.png */; };
		86F110652888622E00F3A1DF /* us@3x.png in Resources */ = {isa = PBXBuildFile; fileRef = 86F1104D2888622E00F3A1DF /* us@3x.png */; };
		86F110662888622E00F3A1DF /* france@3x.png in Resources */ = {isa = PBXBuildFile; fileRef = 86F1104E2888622E00F3A1DF /* france@3x.png */; };
		86F110672888622E00F3A1DF /* monaco@2x.png in Resources */ = {isa = PBXBuildFile; fileRef = 86F1104F2888622E00F3A1DF /* monaco@2x.png */; };
		86F110682888622E00F3A1DF /* monaco@3x.png in Resources */ = {isa = PBXBuildFile; fileRef = 86F110502888622E00F3A1DF /* monaco@3x.png */; };
		86F110692888622E00F3A1DF /* france@2x.png in Resources */ = {isa = PBXBuildFile; fileRef = 86F110512888622E00F3A1DF /* france@2x.png */; };
		86F1106A2888622E00F3A1DF /* us@2x.png in Resources */ = {isa = PBXBuildFile; fileRef = 86F110522888622E00F3A1DF /* us@2x.png */; };
		86F1106B2888622E00F3A1DF /* uk@2x.png in Resources */ = {isa = PBXBuildFile; fileRef = 86F110532888622E00F3A1DF /* uk@2x.png */; };
/* End PBXBuildFile section */

/* Begin PBXFileReference section */
		86A25A1C288880A300C40DA6 /* DetailViewController.swift */ = {isa = PBXFileReference; lastKnownFileType = sourcecode.swift; path = DetailViewController.swift; sourceTree = "<group>"; };
		86F110242888608A00F3A1DF /* FlagsOfCountries.app */ = {isa = PBXFileReference; explicitFileType = wrapper.application; includeInIndex = 0; path = FlagsOfCountries.app; sourceTree = BUILT_PRODUCTS_DIR; };
		86F110272888608A00F3A1DF /* AppDelegate.swift */ = {isa = PBXFileReference; lastKnownFileType = sourcecode.swift; path = AppDelegate.swift; sourceTree = "<group>"; };
		86F110292888608A00F3A1DF /* SceneDelegate.swift */ = {isa = PBXFileReference; lastKnownFileType = sourcecode.swift; path = SceneDelegate.swift; sourceTree = "<group>"; };
		86F1102B2888608A00F3A1DF /* ViewController.swift */ = {isa = PBXFileReference; lastKnownFileType = sourcecode.swift; path = ViewController.swift; sourceTree = "<group>"; };
		86F1102E2888608A00F3A1DF /* Base */ = {isa = PBXFileReference; lastKnownFileType = file.storyboard; name = Base; path = Base.lproj/Main.storyboard; sourceTree = "<group>"; };
		86F110302888608B00F3A1DF /* Assets.xcassets */ = {isa = PBXFileReference; lastKnownFileType = folder.assetcatalog; path = Assets.xcassets; sourceTree = "<group>"; };
		86F110332888608B00F3A1DF /* Base */ = {isa = PBXFileReference; lastKnownFileType = file.storyboard; name = Base; path = Base.lproj/LaunchScreen.storyboard; sourceTree = "<group>"; };
		86F110352888608B00F3A1DF /* Info.plist */ = {isa = PBXFileReference; lastKnownFileType = text.plist.xml; path = Info.plist; sourceTree = "<group>"; };
		86F1103C2888622E00F3A1DF /* spain@2x.png */ = {isa = PBXFileReference; lastKnownFileType = image.png; path = "spain@2x.png"; sourceTree = "<group>"; };
		86F1103D2888622E00F3A1DF /* nigeria@2x.png */ = {isa = PBXFileReference; lastKnownFileType = image.png; path = "nigeria@2x.png"; sourceTree = "<group>"; };
		86F1103E2888622E00F3A1DF /* nigeria@3x.png */ = {isa = PBXFileReference; lastKnownFileType = image.png; path = "nigeria@3x.png"; sourceTree = "<group>"; };
		86F1103F2888622E00F3A1DF /* spain@3x.png */ = {isa = PBXFileReference; lastKnownFileType = image.png; path = "spain@3x.png"; sourceTree = "<group>"; };
		86F110402888622E00F3A1DF /* italy@3x.png */ = {isa = PBXFileReference; lastKnownFileType = image.png; path = "italy@3x.png"; sourceTree = "<group>"; };
		86F110412888622E00F3A1DF /* ireland@2x.png */ = {isa = PBXFileReference; lastKnownFileType = image.png; path = "ireland@2x.png"; sourceTree = "<group>"; };
		86F110422888622E00F3A1DF /* germany@3x.png */ = {isa = PBXFileReference; lastKnownFileType = image.png; path = "germany@3x.png"; sourceTree = "<group>"; };
		86F110432888622E00F3A1DF /* germany@2x.png */ = {isa = PBXFileReference; lastKnownFileType = image.png; path = "germany@2x.png"; sourceTree = "<group>"; };
		86F110442888622E00F3A1DF /* ireland@3x.png */ = {isa = PBXFileReference; lastKnownFileType = image.png; path = "ireland@3x.png"; sourceTree = "<group>"; };
		86F110452888622E00F3A1DF /* italy@2x.png */ = {isa = PBXFileReference; lastKnownFileType = image.png; path = "italy@2x.png"; sourceTree = "<group>"; };
		86F110462888622E00F3A1DF /* poland@2x.png */ = {isa = PBXFileReference; lastKnownFileType = image.png; path = "poland@2x.png"; sourceTree = "<group>"; };
		86F110472888622E00F3A1DF /* russia@2x.png */ = {isa = PBXFileReference; lastKnownFileType = image.png; path = "russia@2x.png"; sourceTree = "<group>"; };
		86F110482888622E00F3A1DF /* estonia@2x.png */ = {isa = PBXFileReference; lastKnownFileType = image.png; path = "estonia@2x.png"; sourceTree = "<group>"; };
		86F110492888622E00F3A1DF /* estonia@3x.png */ = {isa = PBXFileReference; lastKnownFileType = image.png; path = "estonia@3x.png"; sourceTree = "<group>"; };
		86F1104A2888622E00F3A1DF /* russia@3x.png */ = {isa = PBXFileReference; lastKnownFileType = image.png; path = "russia@3x.png"; sourceTree = "<group>"; };
		86F1104B2888622E00F3A1DF /* poland@3x.png */ = {isa = PBXFileReference; lastKnownFileType = image.png; path = "poland@3x.png"; sourceTree = "<group>"; };
		86F1104C2888622E00F3A1DF /* uk@3x.png */ = {isa = PBXFileReference; lastKnownFileType = image.png; path = "uk@3x.png"; sourceTree = "<group>"; };
		86F1104D2888622E00F3A1DF /* us@3x.png */ = {isa = PBXFileReference; lastKnownFileType = image.png; path = "us@3x.png"; sourceTree = "<group>"; };
		86F1104E2888622E00F3A1DF /* france@3x.png */ = {isa = PBXFileReference; lastKnownFileType = image.png; path = "france@3x.png"; sourceTree = "<group>"; };
		86F1104F2888622E00F3A1DF /* monaco@2x.png */ = {isa = PBXFileReference; lastKnownFileType = image.png; path = "monaco@2x.png"; sourceTree = "<group>"; };
		86F110502888622E00F3A1DF /* monaco@3x.png */ = {isa = PBXFileReference; lastKnownFileType = image.png; path = "monaco@3x.png"; sourceTree = "<group>"; };
		86F110512888622E00F3A1DF /* france@2x.png */ = {isa = PBXFileReference; lastKnownFileType = image.png; path = "france@2x.png"; sourceTree = "<group>"; };
		86F110522888622E00F3A1DF /* us@2x.png */ = {isa = PBXFileReference; lastKnownFileType = image.png; path = "us@2x.png"; sourceTree = "<group>"; };
		86F110532888622E00F3A1DF /* uk@2x.png */ = {isa = PBXFileReference; lastKnownFileType = image.png; path = "uk@2x.png"; sourceTree = "<group>"; };
/* End PBXFileReference section */

/* Begin PBXFrameworksBuildPhase section */
		86F110212888608A00F3A1DF /* Frameworks */ = {
			isa = PBXFrameworksBuildPhase;
			buildActionMask = 2147483647;
			files = (
			);
			runOnlyForDeploymentPostprocessing = 0;
		};
/* End PBXFrameworksBuildPhase section */

/* Begin PBXGroup section */
		86F1101B2888608A00F3A1DF = {
			isa = PBXGroup;
			children = (
				86F110262888608A00F3A1DF /* FlagsOfCountries */,
				86F110252888608A00F3A1DF /* Products */,
			);
			sourceTree = "<group>";
		};
		86F110252888608A00F3A1DF /* Products */ = {
			isa = PBXGroup;
			children = (
				86F110242888608A00F3A1DF /* FlagsOfCountries.app */,
			);
			name = Products;
			sourceTree = "<group>";
		};
		86F110262888608A00F3A1DF /* FlagsOfCountries */ = {
			isa = PBXGroup;
			children = (
				86F110272888608A00F3A1DF /* AppDelegate.swift */,
				86F110292888608A00F3A1DF /* SceneDelegate.swift */,
				86F1102B2888608A00F3A1DF /* ViewController.swift */,
				86A25A1C288880A300C40DA6 /* DetailViewController.swift */,
				86F1102D2888608A00F3A1DF /* Main.storyboard */,
				86F110302888608B00F3A1DF /* Assets.xcassets */,
				86F110322888608B00F3A1DF /* LaunchScreen.storyboard */,
				86F110352888608B00F3A1DF /* Info.plist */,
				86F1103B2888622E00F3A1DF /* Flags */,
			);
			path = FlagsOfCountries;
			sourceTree = "<group>";
		};
		86F1103B2888622E00F3A1DF /* Flags */ = {
			isa = PBXGroup;
			children = (
				86F1103C2888622E00F3A1DF /* spain@2x.png */,
				86F1103D2888622E00F3A1DF /* nigeria@2x.png */,
				86F1103E2888622E00F3A1DF /* nigeria@3x.png */,
				86F1103F2888622E00F3A1DF /* spain@3x.png */,
				86F110402888622E00F3A1DF /* italy@3x.png */,
				86F110412888622E00F3A1DF /* ireland@2x.png */,
				86F110422888622E00F3A1DF /* germany@3x.png */,
				86F110432888622E00F3A1DF /* germany@2x.png */,
				86F110442888622E00F3A1DF /* ireland@3x.png */,
				86F110452888622E00F3A1DF /* italy@2x.png */,
				86F110462888622E00F3A1DF /* poland@2x.png */,
				86F110472888622E00F3A1DF /* russia@2x.png */,
				86F110482888622E00F3A1DF /* estonia@2x.png */,
				86F110492888622E00F3A1DF /* estonia@3x.png */,
				86F1104A2888622E00F3A1DF /* russia@3x.png */,
				86F1104B2888622E00F3A1DF /* poland@3x.png */,
				86F1104C2888622E00F3A1DF /* uk@3x.png */,
				86F1104D2888622E00F3A1DF /* us@3x.png */,
				86F1104E2888622E00F3A1DF /* france@3x.png */,
				86F1104F2888622E00F3A1DF /* monaco@2x.png */,
				86F110502888622E00F3A1DF /* monaco@3x.png */,
				86F110512888622E00F3A1DF /* france@2x.png */,
				86F110522888622E00F3A1DF /* us@2x.png */,
				86F110532888622E00F3A1DF /* uk@2x.png */,
			);
			path = Flags;
			sourceTree = "<group>";
		};
/* End PBXGroup section */

/* Begin PBXNativeTarget section */
		86F110232888608A00F3A1DF /* FlagsOfCountries */ = {
			isa = PBXNativeTarget;
			buildConfigurationList = 86F110382888608B00F3A1DF /* Build configuration list for PBXNativeTarget "FlagsOfCountries" */;
			buildPhases = (
				86F110202888608A00F3A1DF /* Sources */,
				86F110212888608A00F3A1DF /* Frameworks */,
				86F110222888608A00F3A1DF /* Resources */,
			);
			buildRules = (
			);
			dependencies = (
			);
			name = FlagsOfCountries;
			productName = FlagsOfCountries;
			productReference = 86F110242888608A00F3A1DF /* FlagsOfCountries.app */;
			productType = "com.apple.product-type.application";
		};
/* End PBXNativeTarget section */

/* Begin PBXProject section */
		86F1101C2888608A00F3A1DF /* Project object */ = {
			isa = PBXProject;
			attributes = {
				BuildIndependentTargetsInParallel = 1;
				LastSwiftUpdateCheck = 1340;
				LastUpgradeCheck = 1340;
				TargetAttributes = {
					86F110232888608A00F3A1DF = {
						CreatedOnToolsVersion = 13.4.1;
					};
				};
			};
			buildConfigurationList = 86F1101F2888608A00F3A1DF /* Build configuration list for PBXProject "FlagsOfCountries" */;
			compatibilityVersion = "Xcode 13.0";
			developmentRegion = en;
			hasScannedForEncodings = 0;
			knownRegions = (
				en,
				Base,
			);
			mainGroup = 86F1101B2888608A00F3A1DF;
			productRefGroup = 86F110252888608A00F3A1DF /* Products */;
			projectDirPath = "";
			projectRoot = "";
			targets = (
				86F110232888608A00F3A1DF /* FlagsOfCountries */,
			);
		};
/* End PBXProject section */

/* Begin PBXResourcesBuildPhase section */
		86F110222888608A00F3A1DF /* Resources */ = {
			isa = PBXResourcesBuildPhase;
			buildActionMask = 2147483647;
			files = (
				86F110682888622E00F3A1DF /* monaco@3x.png in Resources */,
				86F110552888622E00F3A1DF /* nigeria@2x.png in Resources */,
				86F1106A2888622E00F3A1DF /* us@2x.png in Resources */,
				86F110562888622E00F3A1DF /* nigeria@3x.png in Resources */,
				86F110632888622E00F3A1DF /* poland@3x.png in Resources */,
				86F110642888622E00F3A1DF /* uk@3x.png in Resources */,
				86F110692888622E00F3A1DF /* france@2x.png in Resources */,
				86F1105D2888622E00F3A1DF /* italy@2x.png in Resources */,
				86F110542888622E00F3A1DF /* spain@2x.png in Resources */,
				86F1105A2888622E00F3A1DF /* germany@3x.png in Resources */,
				86F110342888608B00F3A1DF /* LaunchScreen.storyboard in Resources */,
				86F1105E2888622E00F3A1DF /* poland@2x.png in Resources */,
				86F110312888608B00F3A1DF /* Assets.xcassets in Resources */,
				86F110582888622E00F3A1DF /* italy@3x.png in Resources */,
				86F110612888622E00F3A1DF /* estonia@3x.png in Resources */,
				86F110672888622E00F3A1DF /* monaco@2x.png in Resources */,
				86F1102F2888608A00F3A1DF /* Main.storyboard in Resources */,
				86F110592888622E00F3A1DF /* ireland@2x.png in Resources */,
				86F1105B2888622E00F3A1DF /* germany@2x.png in Resources */,
				86F110652888622E00F3A1DF /* us@3x.png in Resources */,
				86F110572888622E00F3A1DF /* spain@3x.png in Resources */,
				86F1105F2888622E00F3A1DF /* russia@2x.png in Resources */,
				86F110602888622E00F3A1DF /* estonia@2x.png in Resources */,
				86F110622888622E00F3A1DF /* russia@3x.png in Resources */,
				86F1106B2888622E00F3A1DF /* uk@2x.png in Resources */,
				86F110662888622E00F3A1DF /* france@3x.png in Resources */,
				86F1105C2888622E00F3A1DF /* ireland@3x.png in Resources */,
			);
			runOnlyForDeploymentPostprocessing = 0;
		};
/* End PBXResourcesBuildPhase section */

/* Begin PBXSourcesBuildPhase section */
		86F110202888608A00F3A1DF /* Sources */ = {
			isa = PBXSourcesBuildPhase;
			buildActionMask = 2147483647;
			files = (
				86F1102C2888608A00F3A1DF /* ViewController.swift in Sources */,
				86F110282888608A00F3A1DF /* AppDelegate.swift in Sources */,
				86F1102A2888608A00F3A1DF /* SceneDelegate.swift in Sources */,
				86A25A1D288880A300C40DA6 /* DetailViewController.swift in Sources */,
			);
			runOnlyForDeploymentPostprocessing = 0;
		};
/* End PBXSourcesBuildPhase section */

/* Begin PBXVariantGroup section */
		86F1102D2888608A00F3A1DF /* Main.storyboard */ = {
			isa = PBXVariantGroup;
			children = (
				86F1102E2888608A00F3A1DF /* Base */,
			);
			name = Main.storyboard;
			sourceTree = "<group>";
		};
		86F110322888608B00F3A1DF /* LaunchScreen.storyboard */ = {
			isa = PBXVariantGroup;
			children = (
				86F110332888608B00F3A1DF /* Base */,
			);
			name = LaunchScreen.storyboard;
			sourceTree = "<group>";
		};
/* End PBXVariantGroup section */

/* Begin XCBuildConfiguration section */
		86F110362888608B00F3A1DF /* Debug */ = {
			isa = XCBuildConfiguration;
			buildSettings = {
				ALWAYS_SEARCH_USER_PATHS = NO;
				CLANG_ANALYZER_NONNULL = YES;
				CLANG_ANALYZER_NUMBER_OBJECT_CONVERSION = YES_AGGRESSIVE;
				CLANG_CXX_LANGUAGE_STANDARD = "gnu++17";
				CLANG_ENABLE_MODULES = YES;
				CLANG_ENABLE_OBJC_ARC = YES;
				CLANG_ENABLE_OBJC_WEAK = YES;
				CLANG_WARN_BLOCK_CAPTURE_AUTORELEASING = YES;
				CLANG_WARN_BOOL_CONVERSION = YES;
				CLANG_WARN_COMMA = YES;
				CLANG_WARN_CONSTANT_CONVERSION = YES;
				CLANG_WARN_DEPRECATED_OBJC_IMPLEMENTATIONS = YES;
				CLANG_WARN_DIRECT_OBJC_ISA_USAGE = YES_ERROR;
				CLANG_WARN_DOCUMENTATION_COMMENTS = YES;
				CLANG_WARN_EMPTY_BODY = YES;
				CLANG_WARN_ENUM_CONVERSION = YES;
				CLANG_WARN_INFINITE_RECURSION = YES;
				CLANG_WARN_INT_CONVERSION = YES;
				CLANG_WARN_NON_LITERAL_NULL_CONVERSION = YES;
				CLANG_WARN_OBJC_IMPLICIT_RETAIN_SELF = YES;
				CLANG_WARN_OBJC_LITERAL_CONVERSION = YES;
				CLANG_WARN_OBJC_ROOT_CLASS = YES_ERROR;
				CLANG_WARN_QUOTED_INCLUDE_IN_FRAMEWORK_HEADER = YES;
				CLANG_WARN_RANGE_LOOP_ANALYSIS = YES;
				CLANG_WARN_STRICT_PROTOTYPES = YES;
				CLANG_WARN_SUSPICIOUS_MOVE = YES;
				CLANG_WARN_UNGUARDED_AVAILABILITY = YES_AGGRESSIVE;
				CLANG_WARN_UNREACHABLE_CODE = YES;
				CLANG_WARN__DUPLICATE_METHOD_MATCH = YES;
				COPY_PHASE_STRIP = NO;
				DEBUG_INFORMATION_FORMAT = dwarf;
				ENABLE_STRICT_OBJC_MSGSEND = YES;
				ENABLE_TESTABILITY = YES;
				GCC_C_LANGUAGE_STANDARD = gnu11;
				GCC_DYNAMIC_NO_PIC = NO;
				GCC_NO_COMMON_BLOCKS = YES;
				GCC_OPTIMIZATION_LEVEL = 0;
				GCC_PREPROCESSOR_DEFINITIONS = (
					"DEBUG=1",
					"$(inherited)",
				);
				GCC_WARN_64_TO_32_BIT_CONVERSION = YES;
				GCC_WARN_ABOUT_RETURN_TYPE = YES_ERROR;
				GCC_WARN_UNDECLARED_SELECTOR = YES;
				GCC_WARN_UNINITIALIZED_AUTOS = YES_AGGRESSIVE;
				GCC_WARN_UNUSED_FUNCTION = YES;
				GCC_WARN_UNUSED_VARIABLE = YES;
				IPHONEOS_DEPLOYMENT_TARGET = 15.5;
				MTL_ENABLE_DEBUG_INFO = INCLUDE_SOURCE;
				MTL_FAST_MATH = YES;
				ONLY_ACTIVE_ARCH = YES;
				SDKROOT = iphoneos;
				SWIFT_ACTIVE_COMPILATION_CONDITIONS = DEBUG;
				SWIFT_OPTIMIZATION_LEVEL = "-Onone";
			};
			name = Debug;
		};
		86F110372888608B00F3A1DF /* Release */ = {
			isa = XCBuildConfiguration;
			buildSettings = {
				ALWAYS_SEARCH_USER_PATHS = NO;
				CLANG_ANALYZER_NONNULL = YES;
				CLANG_ANALYZER_NUMBER_OBJECT_CONVERSION = YES_AGGRESSIVE;
				CLANG_CXX_LANGUAGE_STANDARD = "gnu++17";
				CLANG_ENABLE_MODULES = YES;
				CLANG_ENABLE_OBJC_ARC = YES;
				CLANG_ENABLE_OBJC_WEAK = YES;
				CLANG_WARN_BLOCK_CAPTURE_AUTORELEASING = YES;
				CLANG_WARN_BOOL_CONVERSION = YES;
				CLANG_WARN_COMMA = YES;
				CLANG_WARN_CONSTANT_CONVERSION = YES;
				CLANG_WARN_DEPRECATED_OBJC_IMPLEMENTATIONS = YES;
				CLANG_WARN_DIRECT_OBJC_ISA_USAGE = YES_ERROR;
				CLANG_WARN_DOCUMENTATION_COMMENTS = YES;
				CLANG_WARN_EMPTY_BODY = YES;
				CLANG_WARN_ENUM_CONVERSION = YES;
				CLANG_WARN_INFINITE_RECURSION = YES;
				CLANG_WARN_INT_CONVERSION = YES;
				CLANG_WARN_NON_LITERAL_NULL_CONVERSION = YES;
				CLANG_WARN_OBJC_IMPLICIT_RETAIN_SELF = YES;
				CLANG_WARN_OBJC_LITERAL_CONVERSION = YES;
				CLANG_WARN_OBJC_ROOT_CLASS = YES_ERROR;
				CLANG_WARN_QUOTED_INCLUDE_IN_FRAMEWORK_HEADER = YES;
				CLANG_WARN_RANGE_LOOP_ANALYSIS = YES;
				CLANG_WARN_STRICT_PROTOTYPES = YES;
				CLANG_WARN_SUSPICIOUS_MOVE = YES;
				CLANG_WARN_UNGUARDED_AVAILABILITY = YES_AGGRESSIVE;
				CLANG_WARN_UNREACHABLE_CODE = YES;
				CLANG_WARN__DUPLICATE_METHOD_MATCH = YES;
				COPY_PHASE_STRIP = NO;
				DEBUG_INFORMATION_FORMAT = "dwarf-with-dsym";
				ENABLE_NS_ASSERTIONS = NO;
				ENABLE_STRICT_OBJC_MSGSEND = YES;
				GCC_C_LANGUAGE_STANDARD = gnu11;
				GCC_NO_COMMON_BLOCKS = YES;
				GCC_WARN_64_TO_32_BIT_CONVERSION = YES;
				GCC_WARN_ABOUT_RETURN_TYPE = YES_ERROR;
				GCC_WARN_UNDECLARED_SELECTOR = YES;
				GCC_WARN_UNINITIALIZED_AUTOS = YES_AGGRESSIVE;
				GCC_WARN_UNUSED_FUNCTION = YES;
				GCC_WARN_UNUSED_VARIABLE = YES;
				IPHONEOS_DEPLOYMENT_TARGET = 15.5;
				MTL_ENABLE_DEBUG_INFO = NO;
				MTL_FAST_MATH = YES;
				SDKROOT = iphoneos;
				SWIFT_COMPILATION_MODE = wholemodule;
				SWIFT_OPTIMIZATION_LEVEL = "-O";
				VALIDATE_PRODUCT = YES;
			};
			name = Release;
		};
		86F110392888608B00F3A1DF /* Debug */ = {
			isa = XCBuildConfiguration;
			buildSettings = {
				ASSETCATALOG_COMPILER_APPICON_NAME = AppIcon;
				ASSETCATALOG_COMPILER_GLOBAL_ACCENT_COLOR_NAME = AccentColor;
				CODE_SIGN_STYLE = Automatic;
				CURRENT_PROJECT_VERSION = 1;
				GENERATE_INFOPLIST_FILE = YES;
				INFOPLIST_FILE = FlagsOfCountries/Info.plist;
				INFOPLIST_KEY_UIApplicationSupportsIndirectInputEvents = YES;
				INFOPLIST_KEY_UILaunchStoryboardName = LaunchScreen;
				INFOPLIST_KEY_UIMainStoryboardFile = Main;
				INFOPLIST_KEY_UISupportedInterfaceOrientations_iPad = "UIInterfaceOrientationPortrait UIInterfaceOrientationPortraitUpsideDown UIInterfaceOrientationLandscapeLeft UIInterfaceOrientationLandscapeRight";
				INFOPLIST_KEY_UISupportedInterfaceOrientations_iPhone = "UIInterfaceOrientationPortrait UIInterfaceOrientationLandscapeLeft UIInterfaceOrientationLandscapeRight";
				LD_RUNPATH_SEARCH_PATHS = (
					"$(inherited)",
					"@executable_path/Frameworks",
				);
				MARKETING_VERSION = 1.0;
				PRODUCT_BUNDLE_IDENTIFIER = com.deryacayiroglu.FlagsOfCountries;
				PRODUCT_NAME = "$(TARGET_NAME)";
				SWIFT_EMIT_LOC_STRINGS = YES;
				SWIFT_VERSION = 5.0;
				TARGETED_DEVICE_FAMILY = "1,2";
			};
			name = Debug;
		};
		86F1103A2888608B00F3A1DF /* Release */ = {
			isa = XCBuildConfiguration;
			buildSettings = {
				ASSETCATALOG_COMPILER_APPICON_NAME = AppIcon;
				ASSETCATALOG_COMPILER_GLOBAL_ACCENT_COLOR_NAME = AccentColor;
				CODE_SIGN_STYLE = Automatic;
				CURRENT_PROJECT_VERSION = 1;
				GENERATE_INFOPLIST_FILE = YES;
				INFOPLIST_FILE = FlagsOfCountries/Info.plist;
				INFOPLIST_KEY_UIApplicationSupportsIndirectInputEvents = YES;
				INFOPLIST_KEY_UILaunchStoryboardName = LaunchScreen;
				INFOPLIST_KEY_UIMainStoryboardFile = Main;
				INFOPLIST_KEY_UISupportedInterfaceOrientations_iPad = "UIInterfaceOrientationPortrait UIInterfaceOrientationPortraitUpsideDown UIInterfaceOrientationLandscapeLeft UIInterfaceOrientationLandscapeRight";
				INFOPLIST_KEY_UISupportedInterfaceOrientations_iPhone = "UIInterfaceOrientationPortrait UIInterfaceOrientationLandscapeLeft UIInterfaceOrientationLandscapeRight";
				LD_RUNPATH_SEARCH_PATHS = (
					"$(inherited)",
					"@executable_path/Frameworks",
				);
				MARKETING_VERSION = 1.0;
				PRODUCT_BUNDLE_IDENTIFIER = com.deryacayiroglu.FlagsOfCountries;
				PRODUCT_NAME = "$(TARGET_NAME)";
				SWIFT_EMIT_LOC_STRINGS = YES;
				SWIFT_VERSION = 5.0;
				TARGETED_DEVICE_FAMILY = "1,2";
			};
			name = Release;
		};
/* End XCBuildConfiguration section */

/* Begin XCConfigurationList section */
		86F1101F2888608A00F3A1DF /* Build configuration list for PBXProject "FlagsOfCountries" */ = {
			isa = XCConfigurationList;
			buildConfigurations = (
				86F110362888608B00F3A1DF /* Debug */,
				86F110372888608B00F3A1DF /* Release */,
			);
			defaultConfigurationIsVisible = 0;
			defaultConfigurationName = Release;
		};
		86F110382888608B00F3A1DF /* Build configuration list for PBXNativeTarget "FlagsOfCountries" */ = {
			isa = XCConfigurationList;
			buildConfigurations = (
				86F110392888608B00F3A1DF /* Debug */,
				86F1103A2888608B00F3A1DF /* Release */,
			);
			defaultConfigurationIsVisible = 0;
			defaultConfigurationName = Release;
		};
/* End XCConfigurationList section */
	};
	rootObject = 86F1101C2888608A00F3A1DF /* Project object */;
}
